// !$*UTF8*$!
{
	archiveVersion = 1;
	classes = {
	};
	objectVersion = 50;
	objects = {

/* Begin PBXBuildFile section */
		E11692D4270C3E2B0067EDD1 /* MainView.swift in Sources */ = {isa = PBXBuildFile; fileRef = E11692D3270C3E2B0067EDD1 /* MainView.swift */; };
		E11692D6270C3F300067EDD1 /* ProfileView.swift in Sources */ = {isa = PBXBuildFile; fileRef = E11692D5270C3F300067EDD1 /* ProfileView.swift */; };
		E151865C26F46CE10030FBA4 /* MovFeedApp.swift in Sources */ = {isa = PBXBuildFile; fileRef = E151865B26F46CE10030FBA4 /* MovFeedApp.swift */; };
		E151865E26F46CE10030FBA4 /* ContentView.swift in Sources */ = {isa = PBXBuildFile; fileRef = E151865D26F46CE10030FBA4 /* ContentView.swift */; };
		E151866026F46CE40030FBA4 /* Assets.xcassets in Resources */ = {isa = PBXBuildFile; fileRef = E151865F26F46CE40030FBA4 /* Assets.xcassets */; };
		E151866326F46CE40030FBA4 /* Preview Assets.xcassets in Resources */ = {isa = PBXBuildFile; fileRef = E151866226F46CE40030FBA4 /* Preview Assets.xcassets */; };
		E151866E26F46CE40030FBA4 /* MovFeedTests.swift in Sources */ = {isa = PBXBuildFile; fileRef = E151866D26F46CE40030FBA4 /* MovFeedTests.swift */; };
		E151867926F46CE40030FBA4 /* MovFeedUITests.swift in Sources */ = {isa = PBXBuildFile; fileRef = E151867826F46CE40030FBA4 /* MovFeedUITests.swift */; };
		E1EF123D2712FF5D00EA7416 /* Movie.swift in Sources */ = {isa = PBXBuildFile; fileRef = E1EF123C2712FF5D00EA7416 /* Movie.swift */; };
		E1EF123F2713012700EA7416 /* MovieListView.swift in Sources */ = {isa = PBXBuildFile; fileRef = E1EF123E2713012700EA7416 /* MovieListView.swift */; };
		E1EF124127132C7100EA7416 /* MovieDetailView.swift in Sources */ = {isa = PBXBuildFile; fileRef = E1EF124027132C7100EA7416 /* MovieDetailView.swift */; };
/* End PBXBuildFile section */

/* Begin PBXContainerItemProxy section */
		E151866A26F46CE40030FBA4 /* PBXContainerItemProxy */ = {
			isa = PBXContainerItemProxy;
			containerPortal = E151865026F46CE10030FBA4 /* Project object */;
			proxyType = 1;
			remoteGlobalIDString = E151865726F46CE10030FBA4;
			remoteInfo = MovFeed;
		};
		E151867526F46CE40030FBA4 /* PBXContainerItemProxy */ = {
			isa = PBXContainerItemProxy;
			containerPortal = E151865026F46CE10030FBA4 /* Project object */;
			proxyType = 1;
			remoteGlobalIDString = E151865726F46CE10030FBA4;
			remoteInfo = MovFeed;
		};
/* End PBXContainerItemProxy section */

/* Begin PBXFileReference section */
		E11692D3270C3E2B0067EDD1 /* MainView.swift */ = {isa = PBXFileReference; lastKnownFileType = sourcecode.swift; path = MainView.swift; sourceTree = "<group>"; };
		E11692D5270C3F300067EDD1 /* ProfileView.swift */ = {isa = PBXFileReference; lastKnownFileType = sourcecode.swift; path = ProfileView.swift; sourceTree = "<group>"; };
		E151865826F46CE10030FBA4 /* MovFeed.app */ = {isa = PBXFileReference; explicitFileType = wrapper.application; includeInIndex = 0; path = MovFeed.app; sourceTree = BUILT_PRODUCTS_DIR; };
		E151865B26F46CE10030FBA4 /* MovFeedApp.swift */ = {isa = PBXFileReference; lastKnownFileType = sourcecode.swift; path = MovFeedApp.swift; sourceTree = "<group>"; };
		E151865D26F46CE10030FBA4 /* ContentView.swift */ = {isa = PBXFileReference; lastKnownFileType = sourcecode.swift; path = ContentView.swift; sourceTree = "<group>"; };
		E151865F26F46CE40030FBA4 /* Assets.xcassets */ = {isa = PBXFileReference; lastKnownFileType = folder.assetcatalog; path = Assets.xcassets; sourceTree = "<group>"; };
		E151866226F46CE40030FBA4 /* Preview Assets.xcassets */ = {isa = PBXFileReference; lastKnownFileType = folder.assetcatalog; path = "Preview Assets.xcassets"; sourceTree = "<group>"; };
		E151866426F46CE40030FBA4 /* Info.plist */ = {isa = PBXFileReference; lastKnownFileType = text.plist.xml; path = Info.plist; sourceTree = "<group>"; };
		E151866926F46CE40030FBA4 /* MovFeedTests.xctest */ = {isa = PBXFileReference; explicitFileType = wrapper.cfbundle; includeInIndex = 0; path = MovFeedTests.xctest; sourceTree = BUILT_PRODUCTS_DIR; };
		E151866D26F46CE40030FBA4 /* MovFeedTests.swift */ = {isa = PBXFileReference; lastKnownFileType = sourcecode.swift; path = MovFeedTests.swift; sourceTree = "<group>"; };
		E151866F26F46CE40030FBA4 /* Info.plist */ = {isa = PBXFileReference; lastKnownFileType = text.plist.xml; path = Info.plist; sourceTree = "<group>"; };
		E151867426F46CE40030FBA4 /* MovFeedUITests.xctest */ = {isa = PBXFileReference; explicitFileType = wrapper.cfbundle; includeInIndex = 0; path = MovFeedUITests.xctest; sourceTree = BUILT_PRODUCTS_DIR; };
		E151867826F46CE40030FBA4 /* MovFeedUITests.swift */ = {isa = PBXFileReference; lastKnownFileType = sourcecode.swift; path = MovFeedUITests.swift; sourceTree = "<group>"; };
		E151867A26F46CE40030FBA4 /* Info.plist */ = {isa = PBXFileReference; lastKnownFileType = text.plist.xml; path = Info.plist; sourceTree = "<group>"; };
		E1EF123C2712FF5D00EA7416 /* Movie.swift */ = {isa = PBXFileReference; lastKnownFileType = sourcecode.swift; path = Movie.swift; sourceTree = "<group>"; };
		E1EF123E2713012700EA7416 /* MovieListView.swift */ = {isa = PBXFileReference; lastKnownFileType = sourcecode.swift; path = MovieListView.swift; sourceTree = "<group>"; };
		E1EF124027132C7100EA7416 /* MovieDetailView.swift */ = {isa = PBXFileReference; lastKnownFileType = sourcecode.swift; path = MovieDetailView.swift; sourceTree = "<group>"; };
/* End PBXFileReference section */

/* Begin PBXFrameworksBuildPhase section */
		E151865526F46CE10030FBA4 /* Frameworks */ = {
			isa = PBXFrameworksBuildPhase;
			buildActionMask = 2147483647;
			files = (
			);
			runOnlyForDeploymentPostprocessing = 0;
		};
		E151866626F46CE40030FBA4 /* Frameworks */ = {
			isa = PBXFrameworksBuildPhase;
			buildActionMask = 2147483647;
			files = (
			);
			runOnlyForDeploymentPostprocessing = 0;
		};
		E151867126F46CE40030FBA4 /* Frameworks */ = {
			isa = PBXFrameworksBuildPhase;
			buildActionMask = 2147483647;
			files = (
			);
			runOnlyForDeploymentPostprocessing = 0;
		};
/* End PBXFrameworksBuildPhase section */

/* Begin PBXGroup section */
		E151864F26F46CE10030FBA4 = {
			isa = PBXGroup;
			children = (
				E151865A26F46CE10030FBA4 /* MovFeed */,
				E151866C26F46CE40030FBA4 /* MovFeedTests */,
				E151867726F46CE40030FBA4 /* MovFeedUITests */,
				E151865926F46CE10030FBA4 /* Products */,
			);
			sourceTree = "<group>";
		};
		E151865926F46CE10030FBA4 /* Products */ = {
			isa = PBXGroup;
			children = (
				E151865826F46CE10030FBA4 /* MovFeed.app */,
				E151866926F46CE40030FBA4 /* MovFeedTests.xctest */,
				E151867426F46CE40030FBA4 /* MovFeedUITests.xctest */,
			);
			name = Products;
			sourceTree = "<group>";
		};
		E151865A26F46CE10030FBA4 /* MovFeed */ = {
			isa = PBXGroup;
			children = (
				E151865B26F46CE10030FBA4 /* MovFeedApp.swift */,
				E11692D3270C3E2B0067EDD1 /* MainView.swift */,
				E151865D26F46CE10030FBA4 /* ContentView.swift */,
				E11692D5270C3F300067EDD1 /* ProfileView.swift */,
				E1EF123C2712FF5D00EA7416 /* Movie.swift */,
				E1EF123E2713012700EA7416 /* MovieListView.swift */,
				E1EF124027132C7100EA7416 /* MovieDetailView.swift */,
				E151865F26F46CE40030FBA4 /* Assets.xcassets */,
				E151866426F46CE40030FBA4 /* Info.plist */,
				E151866126F46CE40030FBA4 /* Preview Content */,
			);
			path = MovFeed;
			sourceTree = "<group>";
		};
		E151866126F46CE40030FBA4 /* Preview Content */ = {
			isa = PBXGroup;
			children = (
				E151866226F46CE40030FBA4 /* Preview Assets.xcassets */,
			);
			path = "Preview Content";
			sourceTree = "<group>";
		};
		E151866C26F46CE40030FBA4 /* MovFeedTests */ = {
			isa = PBXGroup;
			children = (
				E151866D26F46CE40030FBA4 /* MovFeedTests.swift */,
				E151866F26F46CE40030FBA4 /* Info.plist */,
			);
			path = MovFeedTests;
			sourceTree = "<group>";
		};
		E151867726F46CE40030FBA4 /* MovFeedUITests */ = {
			isa = PBXGroup;
			children = (
				E151867826F46CE40030FBA4 /* MovFeedUITests.swift */,
				E151867A26F46CE40030FBA4 /* Info.plist */,
			);
			path = MovFeedUITests;
			sourceTree = "<group>";
		};
/* End PBXGroup section */

/* Begin PBXNativeTarget section */
		E151865726F46CE10030FBA4 /* MovFeed */ = {
			isa = PBXNativeTarget;
			buildConfigurationList = E151867D26F46CE40030FBA4 /* Build configuration list for PBXNativeTarget "MovFeed" */;
			buildPhases = (
				E151865426F46CE10030FBA4 /* Sources */,
				E151865526F46CE10030FBA4 /* Frameworks */,
				E151865626F46CE10030FBA4 /* Resources */,
			);
			buildRules = (
			);
			dependencies = (
			);
			name = MovFeed;
			productName = MovFeed;
			productReference = E151865826F46CE10030FBA4 /* MovFeed.app */;
			productType = "com.apple.product-type.application";
		};
		E151866826F46CE40030FBA4 /* MovFeedTests */ = {
			isa = PBXNativeTarget;
			buildConfigurationList = E151868026F46CE40030FBA4 /* Build configuration list for PBXNativeTarget "MovFeedTests" */;
			buildPhases = (
				E151866526F46CE40030FBA4 /* Sources */,
				E151866626F46CE40030FBA4 /* Frameworks */,
				E151866726F46CE40030FBA4 /* Resources */,
			);
			buildRules = (
			);
			dependencies = (
				E151866B26F46CE40030FBA4 /* PBXTargetDependency */,
			);
			name = MovFeedTests;
			productName = MovFeedTests;
			productReference = E151866926F46CE40030FBA4 /* MovFeedTests.xctest */;
			productType = "com.apple.product-type.bundle.unit-test";
		};
		E151867326F46CE40030FBA4 /* MovFeedUITests */ = {
			isa = PBXNativeTarget;
			buildConfigurationList = E151868326F46CE40030FBA4 /* Build configuration list for PBXNativeTarget "MovFeedUITests" */;
			buildPhases = (
				E151867026F46CE40030FBA4 /* Sources */,
				E151867126F46CE40030FBA4 /* Frameworks */,
				E151867226F46CE40030FBA4 /* Resources */,
			);
			buildRules = (
			);
			dependencies = (
				E151867626F46CE40030FBA4 /* PBXTargetDependency */,
			);
			name = MovFeedUITests;
			productName = MovFeedUITests;
			productReference = E151867426F46CE40030FBA4 /* MovFeedUITests.xctest */;
			productType = "com.apple.product-type.bundle.ui-testing";
		};
/* End PBXNativeTarget section */

/* Begin PBXProject section */
		E151865026F46CE10030FBA4 /* Project object */ = {
			isa = PBXProject;
			attributes = {
				LastSwiftUpdateCheck = 1250;
				LastUpgradeCheck = 1250;
				TargetAttributes = {
					E151865726F46CE10030FBA4 = {
						CreatedOnToolsVersion = 12.5.1;
					};
					E151866826F46CE40030FBA4 = {
						CreatedOnToolsVersion = 12.5.1;
						TestTargetID = E151865726F46CE10030FBA4;
					};
					E151867326F46CE40030FBA4 = {
						CreatedOnToolsVersion = 12.5.1;
						TestTargetID = E151865726F46CE10030FBA4;
					};
				};
			};
			buildConfigurationList = E151865326F46CE10030FBA4 /* Build configuration list for PBXProject "MovFeed" */;
			compatibilityVersion = "Xcode 9.3";
			developmentRegion = en;
			hasScannedForEncodings = 0;
			knownRegions = (
				en,
				Base,
			);
			mainGroup = E151864F26F46CE10030FBA4;
			productRefGroup = E151865926F46CE10030FBA4 /* Products */;
			projectDirPath = "";
			projectRoot = "";
			targets = (
				E151865726F46CE10030FBA4 /* MovFeed */,
				E151866826F46CE40030FBA4 /* MovFeedTests */,
				E151867326F46CE40030FBA4 /* MovFeedUITests */,
			);
		};
/* End PBXProject section */

/* Begin PBXResourcesBuildPhase section */
		E151865626F46CE10030FBA4 /* Resources */ = {
			isa = PBXResourcesBuildPhase;
			buildActionMask = 2147483647;
			files = (
				E151866326F46CE40030FBA4 /* Preview Assets.xcassets in Resources */,
				E151866026F46CE40030FBA4 /* Assets.xcassets in Resources */,
			);
			runOnlyForDeploymentPostprocessing = 0;
		};
		E151866726F46CE40030FBA4 /* Resources */ = {
			isa = PBXResourcesBuildPhase;
			buildActionMask = 2147483647;
			files = (
			);
			runOnlyForDeploymentPostprocessing = 0;
		};
		E151867226F46CE40030FBA4 /* Resources */ = {
			isa = PBXResourcesBuildPhase;
			buildActionMask = 2147483647;
			files = (
			);
			runOnlyForDeploymentPostprocessing = 0;
		};
/* End PBXResourcesBuildPhase section */

/* Begin PBXSourcesBuildPhase section */
		E151865426F46CE10030FBA4 /* Sources */ = {
			isa = PBXSourcesBuildPhase;
			buildActionMask = 2147483647;
			files = (
				E151865E26F46CE10030FBA4 /* ContentView.swift in Sources */,
				E11692D6270C3F300067EDD1 /* ProfileView.swift in Sources */,
				E11692D4270C3E2B0067EDD1 /* MainView.swift in Sources */,
				E151865C26F46CE10030FBA4 /* MovFeedApp.swift in Sources */,
				E1EF123D2712FF5D00EA7416 /* Movie.swift in Sources */,
				E1EF123F2713012700EA7416 /* MovieListView.swift in Sources */,
				E1EF124127132C7100EA7416 /* MovieDetailView.swift in Sources */,
			);
			runOnlyForDeploymentPostprocessing = 0;
		};
		E151866526F46CE40030FBA4 /* Sources */ = {
			isa = PBXSourcesBuildPhase;
			buildActionMask = 2147483647;
			files = (
				E151866E26F46CE40030FBA4 /* MovFeedTests.swift in Sources */,
			);
			runOnlyForDeploymentPostprocessing = 0;
		};
		E151867026F46CE40030FBA4 /* Sources */ = {
			isa = PBXSourcesBuildPhase;
			buildActionMask = 2147483647;
			files = (
				E151867926F46CE40030FBA4 /* MovFeedUITests.swift in Sources */,
			);
			runOnlyForDeploymentPostprocessing = 0;
		};
/* End PBXSourcesBuildPhase section */

/* Begin PBXTargetDependency section */
		E151866B26F46CE40030FBA4 /* PBXTargetDependency */ = {
			isa = PBXTargetDependency;
			target = E151865726F46CE10030FBA4 /* MovFeed */;
			targetProxy = E151866A26F46CE40030FBA4 /* PBXContainerItemProxy */;
		};
		E151867626F46CE40030FBA4 /* PBXTargetDependency */ = {
			isa = PBXTargetDependency;
			target = E151865726F46CE10030FBA4 /* MovFeed */;
			targetProxy = E151867526F46CE40030FBA4 /* PBXContainerItemProxy */;
		};
/* End PBXTargetDependency section */

/* Begin XCBuildConfiguration section */
		E151867B26F46CE40030FBA4 /* Debug */ = {
			isa = XCBuildConfiguration;
			buildSettings = {
				ALWAYS_SEARCH_USER_PATHS = NO;
				CLANG_ANALYZER_NONNULL = YES;
				CLANG_ANALYZER_NUMBER_OBJECT_CONVERSION = YES_AGGRESSIVE;
				CLANG_CXX_LANGUAGE_STANDARD = "gnu++14";
				CLANG_CXX_LIBRARY = "libc++";
				CLANG_ENABLE_MODULES = YES;
				CLANG_ENABLE_OBJC_ARC = YES;
				CLANG_ENABLE_OBJC_WEAK = YES;
				CLANG_WARN_BLOCK_CAPTURE_AUTORELEASING = YES;
				CLANG_WARN_BOOL_CONVERSION = YES;
				CLANG_WARN_COMMA = YES;
				CLANG_WARN_CONSTANT_CONVERSION = YES;
				CLANG_WARN_DEPRECATED_OBJC_IMPLEMENTATIONS = YES;
				CLANG_WARN_DIRECT_OBJC_ISA_USAGE = YES_ERROR;
				CLANG_WARN_DOCUMENTATION_COMMENTS = YES;
				CLANG_WARN_EMPTY_BODY = YES;
				CLANG_WARN_ENUM_CONVERSION = YES;
				CLANG_WARN_INFINITE_RECURSION = YES;
				CLANG_WARN_INT_CONVERSION = YES;
				CLANG_WARN_NON_LITERAL_NULL_CONVERSION = YES;
				CLANG_WARN_OBJC_IMPLICIT_RETAIN_SELF = YES;
				CLANG_WARN_OBJC_LITERAL_CONVERSION = YES;
				CLANG_WARN_OBJC_ROOT_CLASS = YES_ERROR;
				CLANG_WARN_QUOTED_INCLUDE_IN_FRAMEWORK_HEADER = YES;
				CLANG_WARN_RANGE_LOOP_ANALYSIS = YES;
				CLANG_WARN_STRICT_PROTOTYPES = YES;
				CLANG_WARN_SUSPICIOUS_MOVE = YES;
				CLANG_WARN_UNGUARDED_AVAILABILITY = YES_AGGRESSIVE;
				CLANG_WARN_UNREACHABLE_CODE = YES;
				CLANG_WARN__DUPLICATE_METHOD_MATCH = YES;
				COPY_PHASE_STRIP = NO;
				DEBUG_INFORMATION_FORMAT = dwarf;
				ENABLE_STRICT_OBJC_MSGSEND = YES;
				ENABLE_TESTABILITY = YES;
				GCC_C_LANGUAGE_STANDARD = gnu11;
				GCC_DYNAMIC_NO_PIC = NO;
				GCC_NO_COMMON_BLOCKS = YES;
				GCC_OPTIMIZATION_LEVEL = 0;
				GCC_PREPROCESSOR_DEFINITIONS = (
					"DEBUG=1",
					"$(inherited)",
				);
				GCC_WARN_64_TO_32_BIT_CONVERSION = YES;
				GCC_WARN_ABOUT_RETURN_TYPE = YES_ERROR;
				GCC_WARN_UNDECLARED_SELECTOR = YES;
				GCC_WARN_UNINITIALIZED_AUTOS = YES_AGGRESSIVE;
				GCC_WARN_UNUSED_FUNCTION = YES;
				GCC_WARN_UNUSED_VARIABLE = YES;
				IPHONEOS_DEPLOYMENT_TARGET = 14.5;
				MTL_ENABLE_DEBUG_INFO = INCLUDE_SOURCE;
				MTL_FAST_MATH = YES;
				ONLY_ACTIVE_ARCH = YES;
				SDKROOT = iphoneos;
				SWIFT_ACTIVE_COMPILATION_CONDITIONS = DEBUG;
				SWIFT_OPTIMIZATION_LEVEL = "-Onone";
			};
			name = Debug;
		};
		E151867C26F46CE40030FBA4 /* Release */ = {
			isa = XCBuildConfiguration;
			buildSettings = {
				ALWAYS_SEARCH_USER_PATHS = NO;
				CLANG_ANALYZER_NONNULL = YES;
				CLANG_ANALYZER_NUMBER_OBJECT_CONVERSION = YES_AGGRESSIVE;
				CLANG_CXX_LANGUAGE_STANDARD = "gnu++14";
				CLANG_CXX_LIBRARY = "libc++";
				CLANG_ENABLE_MODULES = YES;
				CLANG_ENABLE_OBJC_ARC = YES;
				CLANG_ENABLE_OBJC_WEAK = YES;
				CLANG_WARN_BLOCK_CAPTURE_AUTORELEASING = YES;
				CLANG_WARN_BOOL_CONVERSION = YES;
				CLANG_WARN_COMMA = YES;
				CLANG_WARN_CONSTANT_CONVERSION = YES;
				CLANG_WARN_DEPRECATED_OBJC_IMPLEMENTATIONS = YES;
				CLANG_WARN_DIRECT_OBJC_ISA_USAGE = YES_ERROR;
				CLANG_WARN_DOCUMENTATION_COMMENTS = YES;
				CLANG_WARN_EMPTY_BODY = YES;
				CLANG_WARN_ENUM_CONVERSION = YES;
				CLANG_WARN_INFINITE_RECURSION = YES;
				CLANG_WARN_INT_CONVERSION = YES;
				CLANG_WARN_NON_LITERAL_NULL_CONVERSION = YES;
				CLANG_WARN_OBJC_IMPLICIT_RETAIN_SELF = YES;
				CLANG_WARN_OBJC_LITERAL_CONVERSION = YES;
				CLANG_WARN_OBJC_ROOT_CLASS = YES_ERROR;
				CLANG_WARN_QUOTED_INCLUDE_IN_FRAMEWORK_HEADER = YES;
				CLANG_WARN_RANGE_LOOP_ANALYSIS = YES;
				CLANG_WARN_STRICT_PROTOTYPES = YES;
				CLANG_WARN_SUSPICIOUS_MOVE = YES;
				CLANG_WARN_UNGUARDED_AVAILABILITY = YES_AGGRESSIVE;
				CLANG_WARN_UNREACHABLE_CODE = YES;
				CLANG_WARN__DUPLICATE_METHOD_MATCH = YES;
				COPY_PHASE_STRIP = NO;
				DEBUG_INFORMATION_FORMAT = "dwarf-with-dsym";
				ENABLE_NS_ASSERTIONS = NO;
				ENABLE_STRICT_OBJC_MSGSEND = YES;
				GCC_C_LANGUAGE_STANDARD = gnu11;
				GCC_NO_COMMON_BLOCKS = YES;
				GCC_WARN_64_TO_32_BIT_CONVERSION = YES;
				GCC_WARN_ABOUT_RETURN_TYPE = YES_ERROR;
				GCC_WARN_UNDECLARED_SELECTOR = YES;
				GCC_WARN_UNINITIALIZED_AUTOS = YES_AGGRESSIVE;
				GCC_WARN_UNUSED_FUNCTION = YES;
				GCC_WARN_UNUSED_VARIABLE = YES;
				IPHONEOS_DEPLOYMENT_TARGET = 14.5;
				MTL_ENABLE_DEBUG_INFO = NO;
				MTL_FAST_MATH = YES;
				SDKROOT = iphoneos;
				SWIFT_COMPILATION_MODE = wholemodule;
				SWIFT_OPTIMIZATION_LEVEL = "-O";
				VALIDATE_PRODUCT = YES;
			};
			name = Release;
		};
		E151867E26F46CE40030FBA4 /* Debug */ = {
			isa = XCBuildConfiguration;
			buildSettings = {
				ASSETCATALOG_COMPILER_APPICON_NAME = AppIcon;
				ASSETCATALOG_COMPILER_GLOBAL_ACCENT_COLOR_NAME = AccentColor;
				CODE_SIGN_STYLE = Automatic;
				DEVELOPMENT_ASSET_PATHS = "\"MovFeed/Preview Content\"";
				ENABLE_PREVIEWS = YES;
				INFOPLIST_FILE = MovFeed/Info.plist;
				IPHONEOS_DEPLOYMENT_TARGET = 14.0;
				LD_RUNPATH_SEARCH_PATHS = (
					"$(inherited)",
					"@executable_path/Frameworks",
				);
				PRODUCT_BUNDLE_IDENTIFIER = srk.MovFeed;
				PRODUCT_NAME = "$(TARGET_NAME)";
				SWIFT_VERSION = 5.0;
				TARGETED_DEVICE_FAMILY = "1,2";
			};
			name = Debug;
		};
		E151867F26F46CE40030FBA4 /* Release */ = {
			isa = XCBuildConfiguration;
			buildSettings = {
				ASSETCATALOG_COMPILER_APPICON_NAME = AppIcon;
				ASSETCATALOG_COMPILER_GLOBAL_ACCENT_COLOR_NAME = AccentColor;
				CODE_SIGN_STYLE = Automatic;
				DEVELOPMENT_ASSET_PATHS = "\"MovFeed/Preview Content\"";
				ENABLE_PREVIEWS = YES;
				INFOPLIST_FILE = MovFeed/Info.plist;
				IPHONEOS_DEPLOYMENT_TARGET = 14.0;
				LD_RUNPATH_SEARCH_PATHS = (
					"$(inherited)",
					"@executable_path/Frameworks",
				);
				PRODUCT_BUNDLE_IDENTIFIER = srk.MovFeed;
				PRODUCT_NAME = "$(TARGET_NAME)";
				SWIFT_VERSION = 5.0;
				TARGETED_DEVICE_FAMILY = "1,2";
			};
			name = Release;
		};
		E151868126F46CE40030FBA4 /* Debug */ = {
			isa = XCBuildConfiguration;
			buildSettings = {
				ALWAYS_EMBED_SWIFT_STANDARD_LIBRARIES = YES;
				BUNDLE_LOADER = "$(TEST_HOST)";
				CODE_SIGN_STYLE = Automatic;
				INFOPLIST_FILE = MovFeedTests/Info.plist;
				IPHONEOS_DEPLOYMENT_TARGET = 14.0;
				LD_RUNPATH_SEARCH_PATHS = (
					"$(inherited)",
					"@executable_path/Frameworks",
					"@loader_path/Frameworks",
				);
				PRODUCT_BUNDLE_IDENTIFIER = srk.MovFeedTests;
				PRODUCT_NAME = "$(TARGET_NAME)";
				SWIFT_VERSION = 5.0;
				TARGETED_DEVICE_FAMILY = "1,2";
				TEST_HOST = "$(BUILT_PRODUCTS_DIR)/MovFeed.app/MovFeed";
			};
			name = Debug;
		};
		E151868226F46CE40030FBA4 /* Release */ = {
			isa = XCBuildConfiguration;
			buildSettings = {
				ALWAYS_EMBED_SWIFT_STANDARD_LIBRARIES = YES;
				BUNDLE_LOADER = "$(TEST_HOST)";
				CODE_SIGN_STYLE = Automatic;
				INFOPLIST_FILE = MovFeedTests/Info.plist;
				IPHONEOS_DEPLOYMENT_TARGET = 14.0;
				LD_RUNPATH_SEARCH_PATHS = (
					"$(inherited)",
					"@executable_path/Frameworks",
					"@loader_path/Frameworks",
				);
				PRODUCT_BUNDLE_IDENTIFIER = srk.MovFeedTests;
				PRODUCT_NAME = "$(TARGET_NAME)";
				SWIFT_VERSION = 5.0;
				TARGETED_DEVICE_FAMILY = "1,2";
				TEST_HOST = "$(BUILT_PRODUCTS_DIR)/MovFeed.app/MovFeed";
			};
			name = Release;
		};
		E151868426F46CE40030FBA4 /* Debug */ = {
			isa = XCBuildConfiguration;
			buildSettings = {
				ALWAYS_EMBED_SWIFT_STANDARD_LIBRARIES = YES;
				CODE_SIGN_STYLE = Automatic;
				INFOPLIST_FILE = MovFeedUITests/Info.plist;
				LD_RUNPATH_SEARCH_PATHS = (
					"$(inherited)",
					"@executable_path/Frameworks",
					"@loader_path/Frameworks",
				);
				PRODUCT_BUNDLE_IDENTIFIER = srk.MovFeedUITests;
				PRODUCT_NAME = "$(TARGET_NAME)";
				SWIFT_VERSION = 5.0;
				TARGETED_DEVICE_FAMILY = "1,2";
				TEST_TARGET_NAME = MovFeed;
			};
			name = Debug;
		};
		E151868526F46CE40030FBA4 /* Release */ = {
			isa = XCBuildConfiguration;
			buildSettings = {
				ALWAYS_EMBED_SWIFT_STANDARD_LIBRARIES = YES;
				CODE_SIGN_STYLE = Automatic;
				INFOPLIST_FILE = MovFeedUITests/Info.plist;
				LD_RUNPATH_SEARCH_PATHS = (
					"$(inherited)",
					"@executable_path/Frameworks",
					"@loader_path/Frameworks",
				);
				PRODUCT_BUNDLE_IDENTIFIER = srk.MovFeedUITests;
				PRODUCT_NAME = "$(TARGET_NAME)";
				SWIFT_VERSION = 5.0;
				TARGETED_DEVICE_FAMILY = "1,2";
				TEST_TARGET_NAME = MovFeed;
			};
			name = Release;
		};
/* End XCBuildConfiguration section */

/* Begin XCConfigurationList section */
		E151865326F46CE10030FBA4 /* Build configuration list for PBXProject "MovFeed" */ = {
			isa = XCConfigurationList;
			buildConfigurations = (
				E151867B26F46CE40030FBA4 /* Debug */,
				E151867C26F46CE40030FBA4 /* Release */,
			);
			defaultConfigurationIsVisible = 0;
			defaultConfigurationName = Release;
		};
		E151867D26F46CE40030FBA4 /* Build configuration list for PBXNativeTarget "MovFeed" */ = {
			isa = XCConfigurationList;
			buildConfigurations = (
				E151867E26F46CE40030FBA4 /* Debug */,
				E151867F26F46CE40030FBA4 /* Release */,
			);
			defaultConfigurationIsVisible = 0;
			defaultConfigurationName = Release;
		};
		E151868026F46CE40030FBA4 /* Build configuration list for PBXNativeTarget "MovFeedTests" */ = {
			isa = XCConfigurationList;
			buildConfigurations = (
				E151868126F46CE40030FBA4 /* Debug */,
				E151868226F46CE40030FBA4 /* Release */,
			);
			defaultConfigurationIsVisible = 0;
			defaultConfigurationName = Release;
		};
		E151868326F46CE40030FBA4 /* Build configuration list for PBXNativeTarget "MovFeedUITests" */ = {
			isa = XCConfigurationList;
			buildConfigurations = (
				E151868426F46CE40030FBA4 /* Debug */,
				E151868526F46CE40030FBA4 /* Release */,
			);
			defaultConfigurationIsVisible = 0;
			defaultConfigurationName = Release;
		};
/* End XCConfigurationList section */
	};
	rootObject = E151865026F46CE10030FBA4 /* Project object */;
}
